
Microsoft Visual Studio Solution File, Format Version 11.00
# Visual Studio 2010
Project("{FAE04EC0-301F-11D3-BF4B-00C04F79EFBC}") = "ubcGameJam", "Assembly-CSharp.csproj", "{1BDC4516-1C3C-79DB-66EB-C75CA43FC32D}"
EndProject
Project("{FAE04EC0-301F-11D3-BF4B-00C04F79EFBC}") = "ubcGameJam", "Assembly-CSharp-Editor.csproj", "{6CF1E4E7-1C7F-3FA0-EA19-CA4AA12B96A9}"
EndProject
Global
	GlobalSection(SolutionConfigurationPlatforms) = preSolution
		Debug|Any CPU = Debug|Any CPU
		Release|Any CPU = Release|Any CPU
	EndGlobalSection
	GlobalSection(ProjectConfigurationPlatforms) = postSolution
		{1BDC4516-1C3C-79DB-66EB-C75CA43FC32D}.Debug|Any CPU.ActiveCfg = Debug|Any CPU
		{1BDC4516-1C3C-79DB-66EB-C75CA43FC32D}.Debug|Any CPU.Build.0 = Debug|Any CPU
		{1BDC4516-1C3C-79DB-66EB-C75CA43FC32D}.Release|Any CPU.ActiveCfg = Release|Any CPU
		{1BDC4516-1C3C-79DB-66EB-C75CA43FC32D}.Release|Any CPU.Build.0 = Release|Any CPU
		{6CF1E4E7-1C7F-3FA0-EA19-CA4AA12B96A9}.Debug|Any CPU.ActiveCfg = Debug|Any CPU
		{6CF1E4E7-1C7F-3FA0-EA19-CA4AA12B96A9}.Debug|Any CPU.Build.0 = Debug|Any CPU
		{6CF1E4E7-1C7F-3FA0-EA19-CA4AA12B96A9}.Release|Any CPU.ActiveCfg = Release|Any CPU
		{6CF1E4E7-1C7F-3FA0-EA19-CA4AA12B96A9}.Release|Any CPU.Build.0 = Release|Any CPU
	EndGlobalSection
	GlobalSection(SolutionProperties) = preSolution
		HideSolutionNode = FALSE
	EndGlobalSection
	GlobalSection(MonoDevelopProperties) = preSolution
		StartupItem = Assembly-CSharp.csproj
	EndGlobalSection
EndGlobal
